
Microsoft Visual Studio Solution File, Format Version 12.00
# Visual Studio 14
VisualStudioVersion = 14.0.25123.0
MinimumVisualStudioVersion = 10.0.40219.1
Project("{8BC9CEB8-8B4A-11D0-8D11-00A0C91BC942}") = "DeltaEngine", "DeltaEngine\DeltaEngine.vcxproj", "{CA9F3CAB-0F44-4F68-A4E4-2C01AF909BDD}"
	ProjectSection(ProjectDependencies) = postProject
		{1906AB22-C410-4E6B-8938-DEBA147D72C7} = {1906AB22-C410-4E6B-8938-DEBA147D72C7}
		{78B079BD-9FC7-4B9E-B4A6-96DA0F00248B} = {78B079BD-9FC7-4B9E-B4A6-96DA0F00248B}
	EndProjectSection
EndProject
Project("{8BC9CEB8-8B4A-11D0-8D11-00A0C91BC942}") = "Sandbox", "Sandbox\Sandbox.vcxproj", "{3AE61E5A-B9BA-4EC9-A5E7-F24DBCFDE0A0}"
	ProjectSection(ProjectDependencies) = postProject
		{CA9F3CAB-0F44-4F68-A4E4-2C01AF909BDD} = {CA9F3CAB-0F44-4F68-A4E4-2C01AF909BDD}
	EndProjectSection
EndProject
Project("{8BC9CEB8-8B4A-11D0-8D11-00A0C91BC942}") = "freetype", "ext\FreeType\builds\windows\vc2010\freetype.vcxproj", "{78B079BD-9FC7-4B9E-B4A6-96DA0F00248B}"
EndProject
Project("{8BC9CEB8-8B4A-11D0-8D11-00A0C91BC942}") = "freetype-gl", "ext\freetype-gl\freetype-gl.vcxproj", "{1906AB22-C410-4E6B-8938-DEBA147D72C7}"
	ProjectSection(ProjectDependencies) = postProject
		{78B079BD-9FC7-4B9E-B4A6-96DA0F00248B} = {78B079BD-9FC7-4B9E-B4A6-96DA0F00248B}
	EndProjectSection
EndProject
Project("{8BC9CEB8-8B4A-11D0-8D11-00A0C91BC942}") = "Super Mario Bros", "examples\Super Mario Bros\Super Mario Bros.vcxproj", "{779DD1B8-E554-470A-9B45-D2A110A049F0}"
	ProjectSection(ProjectDependencies) = postProject
		{CA9F3CAB-0F44-4F68-A4E4-2C01AF909BDD} = {CA9F3CAB-0F44-4F68-A4E4-2C01AF909BDD}
	EndProjectSection
EndProject
Project("{8BC9CEB8-8B4A-11D0-8D11-00A0C91BC942}") = "ATARI Asteroids", "examples\ATARI Asteroids\ATARI Asteroids.vcxproj", "{EF931FBD-5CBD-418A-9D89-ACF9BDA7A028}"
	ProjectSection(ProjectDependencies) = postProject
		{CA9F3CAB-0F44-4F68-A4E4-2C01AF909BDD} = {CA9F3CAB-0F44-4F68-A4E4-2C01AF909BDD}
	EndProjectSection
EndProject
Project("{2150E333-8FDC-42A3-9474-1A3956D46DE8}") = "Dependencies", "Dependencies", "{EEA3D778-5AAF-4711-A95C-F548CE950771}"
EndProject
Project("{2150E333-8FDC-42A3-9474-1A3956D46DE8}") = "Examples", "Examples", "{A435EBA5-CB97-4DE1-B8CE-78C2C47D0C5C}"
EndProject
Project("{2150E333-8FDC-42A3-9474-1A3956D46DE8}") = "Sandbox", "Sandbox", "{9B411380-BC0A-482A-9064-2595D0331588}"
EndProject
Global
	GlobalSection(SolutionConfigurationPlatforms) = preSolution
		Debug|ARM = Debug|ARM
		Debug|x64 = Debug|x64
		Debug|x86 = Debug|x86
		Release Multithreaded|ARM = Release Multithreaded|ARM
		Release Multithreaded|x64 = Release Multithreaded|x64
		Release Multithreaded|x86 = Release Multithreaded|x86
		Release|ARM = Release|ARM
		Release|x64 = Release|x64
		Release|x86 = Release|x86
		Static|ARM = Static|ARM
		Static|x64 = Static|x64
		Static|x86 = Static|x86
	EndGlobalSection
	GlobalSection(ProjectConfigurationPlatforms) = postSolution
		{CA9F3CAB-0F44-4F68-A4E4-2C01AF909BDD}.Debug|ARM.ActiveCfg = Debug|Win32
		{CA9F3CAB-0F44-4F68-A4E4-2C01AF909BDD}.Debug|x64.ActiveCfg = Debug|x64
		{CA9F3CAB-0F44-4F68-A4E4-2C01AF909BDD}.Debug|x64.Build.0 = Debug|x64
		{CA9F3CAB-0F44-4F68-A4E4-2C01AF909BDD}.Debug|x86.ActiveCfg = Debug|Win32
		{CA9F3CAB-0F44-4F68-A4E4-2C01AF909BDD}.Debug|x86.Build.0 = Debug|Win32
		{CA9F3CAB-0F44-4F68-A4E4-2C01AF909BDD}.Release Multithreaded|ARM.ActiveCfg = Static|Win32
		{CA9F3CAB-0F44-4F68-A4E4-2C01AF909BDD}.Release Multithreaded|ARM.Build.0 = Static|Win32
		{CA9F3CAB-0F44-4F68-A4E4-2C01AF909BDD}.Release Multithreaded|x64.ActiveCfg = Release|x64
		{CA9F3CAB-0F44-4F68-A4E4-2C01AF909BDD}.Release Multithreaded|x64.Build.0 = Release|x64
		{CA9F3CAB-0F44-4F68-A4E4-2C01AF909BDD}.Release Multithreaded|x86.ActiveCfg = Release|Win32
		{CA9F3CAB-0F44-4F68-A4E4-2C01AF909BDD}.Release Multithreaded|x86.Build.0 = Release|Win32
		{CA9F3CAB-0F44-4F68-A4E4-2C01AF909BDD}.Release|ARM.ActiveCfg = Release|Win32
		{CA9F3CAB-0F44-4F68-A4E4-2C01AF909BDD}.Release|x64.ActiveCfg = Release|x64
		{CA9F3CAB-0F44-4F68-A4E4-2C01AF909BDD}.Release|x64.Build.0 = Release|x64
		{CA9F3CAB-0F44-4F68-A4E4-2C01AF909BDD}.Release|x86.ActiveCfg = Release|Win32
		{CA9F3CAB-0F44-4F68-A4E4-2C01AF909BDD}.Release|x86.Build.0 = Release|Win32
		{CA9F3CAB-0F44-4F68-A4E4-2C01AF909BDD}.Static|ARM.ActiveCfg = Static|Win32
		{CA9F3CAB-0F44-4F68-A4E4-2C01AF909BDD}.Static|x64.ActiveCfg = Static|x64
		{CA9F3CAB-0F44-4F68-A4E4-2C01AF909BDD}.Static|x64.Build.0 = Static|x64
		{CA9F3CAB-0F44-4F68-A4E4-2C01AF909BDD}.Static|x86.ActiveCfg = Static|Win32
		{CA9F3CAB-0F44-4F68-A4E4-2C01AF909BDD}.Static|x86.Build.0 = Static|Win32
		{3AE61E5A-B9BA-4EC9-A5E7-F24DBCFDE0A0}.Debug|ARM.ActiveCfg = Debug|Win32
		{3AE61E5A-B9BA-4EC9-A5E7-F24DBCFDE0A0}.Debug|x64.ActiveCfg = Debug|x64
		{3AE61E5A-B9BA-4EC9-A5E7-F24DBCFDE0A0}.Debug|x64.Build.0 = Debug|x64
		{3AE61E5A-B9BA-4EC9-A5E7-F24DBCFDE0A0}.Debug|x86.ActiveCfg = Debug|Win32
		{3AE61E5A-B9BA-4EC9-A5E7-F24DBCFDE0A0}.Debug|x86.Build.0 = Debug|Win32
		{3AE61E5A-B9BA-4EC9-A5E7-F24DBCFDE0A0}.Release Multithreaded|ARM.ActiveCfg = Static|Win32
		{3AE61E5A-B9BA-4EC9-A5E7-F24DBCFDE0A0}.Release Multithreaded|ARM.Build.0 = Static|Win32
		{3AE61E5A-B9BA-4EC9-A5E7-F24DBCFDE0A0}.Release Multithreaded|x64.ActiveCfg = Release|x64
		{3AE61E5A-B9BA-4EC9-A5E7-F24DBCFDE0A0}.Release Multithreaded|x64.Build.0 = Release|x64
		{3AE61E5A-B9BA-4EC9-A5E7-F24DBCFDE0A0}.Release Multithreaded|x86.ActiveCfg = Release|Win32
		{3AE61E5A-B9BA-4EC9-A5E7-F24DBCFDE0A0}.Release Multithreaded|x86.Build.0 = Release|Win32
		{3AE61E5A-B9BA-4EC9-A5E7-F24DBCFDE0A0}.Release|ARM.ActiveCfg = Release|Win32
		{3AE61E5A-B9BA-4EC9-A5E7-F24DBCFDE0A0}.Release|x64.ActiveCfg = Release|x64
		{3AE61E5A-B9BA-4EC9-A5E7-F24DBCFDE0A0}.Release|x64.Build.0 = Release|x64
		{3AE61E5A-B9BA-4EC9-A5E7-F24DBCFDE0A0}.Release|x86.ActiveCfg = Release|Win32
		{3AE61E5A-B9BA-4EC9-A5E7-F24DBCFDE0A0}.Release|x86.Build.0 = Release|Win32
		{3AE61E5A-B9BA-4EC9-A5E7-F24DBCFDE0A0}.Static|ARM.ActiveCfg = Static|Win32
		{3AE61E5A-B9BA-4EC9-A5E7-F24DBCFDE0A0}.Static|x64.ActiveCfg = Static|x64
		{3AE61E5A-B9BA-4EC9-A5E7-F24DBCFDE0A0}.Static|x64.Build.0 = Static|x64
		{3AE61E5A-B9BA-4EC9-A5E7-F24DBCFDE0A0}.Static|x86.ActiveCfg = Static|Win32
		{3AE61E5A-B9BA-4EC9-A5E7-F24DBCFDE0A0}.Static|x86.Build.0 = Static|Win32
		{78B079BD-9FC7-4B9E-B4A6-96DA0F00248B}.Debug|ARM.ActiveCfg = Debug|Win32
		{78B079BD-9FC7-4B9E-B4A6-96DA0F00248B}.Debug|x64.ActiveCfg = Debug|x64
		{78B079BD-9FC7-4B9E-B4A6-96DA0F00248B}.Debug|x64.Build.0 = Debug|x64
		{78B079BD-9FC7-4B9E-B4A6-96DA0F00248B}.Debug|x86.ActiveCfg = Debug|Win32
		{78B079BD-9FC7-4B9E-B4A6-96DA0F00248B}.Debug|x86.Build.0 = Debug|Win32
		{78B079BD-9FC7-4B9E-B4A6-96DA0F00248B}.Release Multithreaded|ARM.ActiveCfg = Release Multithreaded|Win32
		{78B079BD-9FC7-4B9E-B4A6-96DA0F00248B}.Release Multithreaded|x64.ActiveCfg = Release Multithreaded|x64
		{78B079BD-9FC7-4B9E-B4A6-96DA0F00248B}.Release Multithreaded|x64.Build.0 = Release Multithreaded|x64
		{78B079BD-9FC7-4B9E-B4A6-96DA0F00248B}.Release Multithreaded|x86.ActiveCfg = Release Multithreaded|Win32
		{78B079BD-9FC7-4B9E-B4A6-96DA0F00248B}.Release Multithreaded|x86.Build.0 = Release Multithreaded|Win32
		{78B079BD-9FC7-4B9E-B4A6-96DA0F00248B}.Release|ARM.ActiveCfg = Release|Win32
		{78B079BD-9FC7-4B9E-B4A6-96DA0F00248B}.Release|x64.ActiveCfg = Release|x64
		{78B079BD-9FC7-4B9E-B4A6-96DA0F00248B}.Release|x64.Build.0 = Release|x64
		{78B079BD-9FC7-4B9E-B4A6-96DA0F00248B}.Release|x86.ActiveCfg = Release Multithreaded|Win32
		{78B079BD-9FC7-4B9E-B4A6-96DA0F00248B}.Release|x86.Build.0 = Release Multithreaded|Win32
		{78B079BD-9FC7-4B9E-B4A6-96DA0F00248B}.Static|ARM.ActiveCfg = Debug Singlethreaded|Win32
		{78B079BD-9FC7-4B9E-B4A6-96DA0F00248B}.Static|ARM.Build.0 = Debug Singlethreaded|Win32
		{78B079BD-9FC7-4B9E-B4A6-96DA0F00248B}.Static|x64.ActiveCfg = Debug Multithreaded|x64
		{78B079BD-9FC7-4B9E-B4A6-96DA0F00248B}.Static|x64.Build.0 = Debug Multithreaded|x64
		{78B079BD-9FC7-4B9E-B4A6-96DA0F00248B}.Static|x86.ActiveCfg = Debug Multithreaded|Win32
		{78B079BD-9FC7-4B9E-B4A6-96DA0F00248B}.Static|x86.Build.0 = Debug Multithreaded|Win32
		{1906AB22-C410-4E6B-8938-DEBA147D72C7}.Debug|ARM.ActiveCfg = Debug|Win32
		{1906AB22-C410-4E6B-8938-DEBA147D72C7}.Debug|x64.ActiveCfg = Debug|x64
		{1906AB22-C410-4E6B-8938-DEBA147D72C7}.Debug|x64.Build.0 = Debug|x64
		{1906AB22-C410-4E6B-8938-DEBA147D72C7}.Debug|x86.ActiveCfg = Debug|Win32
		{1906AB22-C410-4E6B-8938-DEBA147D72C7}.Debug|x86.Build.0 = Debug|Win32
		{1906AB22-C410-4E6B-8938-DEBA147D72C7}.Release Multithreaded|ARM.ActiveCfg = Release|x64
		{1906AB22-C410-4E6B-8938-DEBA147D72C7}.Release Multithreaded|ARM.Build.0 = Release|x64
		{1906AB22-C410-4E6B-8938-DEBA147D72C7}.Release Multithreaded|x64.ActiveCfg = Release|x64
		{1906AB22-C410-4E6B-8938-DEBA147D72C7}.Release Multithreaded|x64.Build.0 = Release|x64
		{1906AB22-C410-4E6B-8938-DEBA147D72C7}.Release Multithreaded|x86.ActiveCfg = Release|Win32
		{1906AB22-C410-4E6B-8938-DEBA147D72C7}.Release Multithreaded|x86.Build.0 = Release|Win32
		{1906AB22-C410-4E6B-8938-DEBA147D72C7}.Release|ARM.ActiveCfg = Release|Win32
		{1906AB22-C410-4E6B-8938-DEBA147D72C7}.Release|x64.ActiveCfg = Release|x64
		{1906AB22-C410-4E6B-8938-DEBA147D72C7}.Release|x64.Build.0 = Release|x64
		{1906AB22-C410-4E6B-8938-DEBA147D72C7}.Release|x86.ActiveCfg = Release|Win32
		{1906AB22-C410-4E6B-8938-DEBA147D72C7}.Release|x86.Build.0 = Release|Win32
		{1906AB22-C410-4E6B-8938-DEBA147D72C7}.Static|ARM.ActiveCfg = Release|x64
		{1906AB22-C410-4E6B-8938-DEBA147D72C7}.Static|ARM.Build.0 = Release|x64
		{1906AB22-C410-4E6B-8938-DEBA147D72C7}.Static|x64.ActiveCfg = Release|x64
		{1906AB22-C410-4E6B-8938-DEBA147D72C7}.Static|x64.Build.0 = Release|x64
		{1906AB22-C410-4E6B-8938-DEBA147D72C7}.Static|x86.ActiveCfg = Release|Win32
		{1906AB22-C410-4E6B-8938-DEBA147D72C7}.Static|x86.Build.0 = Release|Win32
		{779DD1B8-E554-470A-9B45-D2A110A049F0}.Debug|ARM.ActiveCfg = Debug|Win32
		{779DD1B8-E554-470A-9B45-D2A110A049F0}.Debug|x64.ActiveCfg = Debug|x64
		{779DD1B8-E554-470A-9B45-D2A110A049F0}.Debug|x64.Build.0 = Debug|x64
		{779DD1B8-E554-470A-9B45-D2A110A049F0}.Debug|x86.ActiveCfg = Debug|Win32
		{779DD1B8-E554-470A-9B45-D2A110A049F0}.Debug|x86.Build.0 = Debug|Win32
		{779DD1B8-E554-470A-9B45-D2A110A049F0}.Release Multithreaded|ARM.ActiveCfg = Release|x64
		{779DD1B8-E554-470A-9B45-D2A110A049F0}.Release Multithreaded|ARM.Build.0 = Release|x64
		{779DD1B8-E554-470A-9B45-D2A110A049F0}.Release Multithreaded|x64.ActiveCfg = Release|x64
		{779DD1B8-E554-470A-9B45-D2A110A049F0}.Release Multithreaded|x64.Build.0 = Release|x64
		{779DD1B8-E554-470A-9B45-D2A110A049F0}.Release Multithreaded|x86.ActiveCfg = Release|Win32
		{779DD1B8-E554-470A-9B45-D2A110A049F0}.Release Multithreaded|x86.Build.0 = Release|Win32
		{779DD1B8-E554-470A-9B45-D2A110A049F0}.Release|ARM.ActiveCfg = Release|Win32
		{779DD1B8-E554-470A-9B45-D2A110A049F0}.Release|x64.ActiveCfg = Release|x64
		{779DD1B8-E554-470A-9B45-D2A110A049F0}.Release|x64.Build.0 = Release|x64
		{779DD1B8-E554-470A-9B45-D2A110A049F0}.Release|x86.ActiveCfg = Release|Win32
		{779DD1B8-E554-470A-9B45-D2A110A049F0}.Release|x86.Build.0 = Release|Win32
		{779DD1B8-E554-470A-9B45-D2A110A049F0}.Static|ARM.ActiveCfg = Release|x64
		{779DD1B8-E554-470A-9B45-D2A110A049F0}.Static|ARM.Build.0 = Release|x64
		{779DD1B8-E554-470A-9B45-D2A110A049F0}.Static|x64.ActiveCfg = Release|x64
		{779DD1B8-E554-470A-9B45-D2A110A049F0}.Static|x64.Build.0 = Release|x64
		{779DD1B8-E554-470A-9B45-D2A110A049F0}.Static|x86.ActiveCfg = Release|Win32
		{779DD1B8-E554-470A-9B45-D2A110A049F0}.Static|x86.Build.0 = Release|Win32
		{EF931FBD-5CBD-418A-9D89-ACF9BDA7A028}.Debug|ARM.ActiveCfg = Debug|Win32
		{EF931FBD-5CBD-418A-9D89-ACF9BDA7A028}.Debug|x64.ActiveCfg = Debug|x64
		{EF931FBD-5CBD-418A-9D89-ACF9BDA7A028}.Debug|x64.Build.0 = Debug|x64
		{EF931FBD-5CBD-418A-9D89-ACF9BDA7A028}.Debug|x86.ActiveCfg = Debug|Win32
		{EF931FBD-5CBD-418A-9D89-ACF9BDA7A028}.Debug|x86.Build.0 = Debug|Win32
		{EF931FBD-5CBD-418A-9D89-ACF9BDA7A028}.Release Multithreaded|ARM.ActiveCfg = Release|x64
		{EF931FBD-5CBD-418A-9D89-ACF9BDA7A028}.Release Multithreaded|ARM.Build.0 = Release|x64
		{EF931FBD-5CBD-418A-9D89-ACF9BDA7A028}.Release Multithreaded|x64.ActiveCfg = Release|x64
		{EF931FBD-5CBD-418A-9D89-ACF9BDA7A028}.Release Multithreaded|x64.Build.0 = Release|x64
		{EF931FBD-5CBD-418A-9D89-ACF9BDA7A028}.Release Multithreaded|x86.ActiveCfg = Release|Win32
		{EF931FBD-5CBD-418A-9D89-ACF9BDA7A028}.Release Multithreaded|x86.Build.0 = Release|Win32
		{EF931FBD-5CBD-418A-9D89-ACF9BDA7A028}.Release|ARM.ActiveCfg = Release|Win32
		{EF931FBD-5CBD-418A-9D89-ACF9BDA7A028}.Release|x64.ActiveCfg = Release|x64
		{EF931FBD-5CBD-418A-9D89-ACF9BDA7A028}.Release|x64.Build.0 = Release|x64
		{EF931FBD-5CBD-418A-9D89-ACF9BDA7A028}.Release|x86.ActiveCfg = Release|Win32
		{EF931FBD-5CBD-418A-9D89-ACF9BDA7A028}.Release|x86.Build.0 = Release|Win32
		{EF931FBD-5CBD-418A-9D89-ACF9BDA7A028}.Static|ARM.ActiveCfg = Release|x64
		{EF931FBD-5CBD-418A-9D89-ACF9BDA7A028}.Static|ARM.Build.0 = Release|x64
		{EF931FBD-5CBD-418A-9D89-ACF9BDA7A028}.Static|x64.ActiveCfg = Release|x64
		{EF931FBD-5CBD-418A-9D89-ACF9BDA7A028}.Static|x64.Build.0 = Release|x64
		{EF931FBD-5CBD-418A-9D89-ACF9BDA7A028}.Static|x86.ActiveCfg = Release|Win32
		{EF931FBD-5CBD-418A-9D89-ACF9BDA7A028}.Static|x86.Build.0 = Release|Win32
	EndGlobalSection
	GlobalSection(SolutionProperties) = preSolution
		HideSolutionNode = FALSE
	EndGlobalSection
	GlobalSection(NestedProjects) = preSolution
		{3AE61E5A-B9BA-4EC9-A5E7-F24DBCFDE0A0} = {9B411380-BC0A-482A-9064-2595D0331588}
		{78B079BD-9FC7-4B9E-B4A6-96DA0F00248B} = {EEA3D778-5AAF-4711-A95C-F548CE950771}
		{1906AB22-C410-4E6B-8938-DEBA147D72C7} = {EEA3D778-5AAF-4711-A95C-F548CE950771}
		{779DD1B8-E554-470A-9B45-D2A110A049F0} = {A435EBA5-CB97-4DE1-B8CE-78C2C47D0C5C}
		{EF931FBD-5CBD-418A-9D89-ACF9BDA7A028} = {A435EBA5-CB97-4DE1-B8CE-78C2C47D0C5C}
	EndGlobalSection
EndGlobal
