<?xml version="1.0" encoding="utf-8"?>
<Project ToolsVersion="4.0" xmlns="http://schemas.microsoft.com/developer/msbuild/2003">
  <ItemGroup>
    <Filter Include="Archivos de código fuente">
      <UniqueIdentifier>{4FC737F1-C7A5-4376-A066-2A32D752A2FF}</UniqueIdentifier>
      <Extensions>cpp;c;cc;cxx;def;odl;idl;hpj;bat;asm;asmx</Extensions>
    </Filter>
    <Filter Include="Archivos de encabezado">
      <UniqueIdentifier>{93995380-89BD-4b04-88EB-625FBE52EBFB}</UniqueIdentifier>
      <Extensions>h;hh;hpp;hxx;hm;inl;inc;xsd</Extensions>
    </Filter>
    <Filter Include="Archivos de recursos">
      <UniqueIdentifier>{67DA6AB6-F800-4c08-8B7A-83BB121AAD01}</UniqueIdentifier>
      <Extensions>rc;ico;cur;bmp;dlg;rc2;rct;bin;rgs;gif;jpg;jpeg;jpe;resx;tiff;tif;png;wav;mfcribbon-ms</Extensions>
    </Filter>
  </ItemGroup>
  <ItemGroup>
    <ClCompile Include="src\distance-field.c">
      <Filter>Archivos de código fuente</Filter>
    </ClCompile>
    <ClCompile Include="src\edtaa3func.c">
      <Filter>Archivos de código fuente</Filter>
    </ClCompile>
    <ClCompile Include="src\font-manager.c">
      <Filter>Archivos de código fuente</Filter>
    </ClCompile>
    <ClCompile Include="src\makefont.c">
      <Filter>Archivos de código fuente</Filter>
    </ClCompile>
    <ClCompile Include="src\mat4.c">
      <Filter>Archivos de código fuente</Filter>
    </ClCompile>
    <ClCompile Include="src\platform.c">
      <Filter>Archivos de código fuente</Filter>
    </ClCompile>
    <ClCompile Include="src\shader.c">
      <Filter>Archivos de código fuente</Filter>
    </ClCompile>
    <ClCompile Include="src\text-buffer.c">
      <Filter>Archivos de código fuente</Filter>
    </ClCompile>
    <ClCompile Include="src\texture-atlas.c">
      <Filter>Archivos de código fuente</Filter>
    </ClCompile>
    <ClCompile Include="src\texture-font.c">
      <Filter>Archivos de código fuente</Filter>
    </ClCompile>
    <ClCompile Include="src\utf8-utils.c">
      <Filter>Archivos de código fuente</Filter>
    </ClCompile>
    <ClCompile Include="src\vector.c">
      <Filter>Archivos de código fuente</Filter>
    </ClCompile>
    <ClCompile Include="src\vertex-attribute.c">
      <Filter>Archivos de código fuente</Filter>
    </ClCompile>
    <ClCompile Include="src\vertex-buffer.c">
      <Filter>Archivos de código fuente</Filter>
    </ClCompile>
  </ItemGroup>
  <ItemGroup>
    <ClInclude Include="include\distance-field.h">
      <Filter>Archivos de encabezado</Filter>
    </ClInclude>
    <ClInclude Include="include\edtaa3func.h">
      <Filter>Archivos de encabezado</Filter>
    </ClInclude>
    <ClInclude Include="include\font-manager.h">
      <Filter>Archivos de encabezado</Filter>
    </ClInclude>
    <ClInclude Include="include\freetype-gl.h">
      <Filter>Archivos de encabezado</Filter>
    </ClInclude>
    <ClInclude Include="include\ft2build.h">
      <Filter>Archivos de encabezado</Filter>
    </ClInclude>
    <ClInclude Include="include\markup.h">
      <Filter>Archivos de encabezado</Filter>
    </ClInclude>
    <ClInclude Include="include\mat4.h">
      <Filter>Archivos de encabezado</Filter>
    </ClInclude>
    <ClInclude Include="include\opengl.h">
      <Filter>Archivos de encabezado</Filter>
    </ClInclude>
    <ClInclude Include="include\platform.h">
      <Filter>Archivos de encabezado</Filter>
    </ClInclude>
    <ClInclude Include="include\shader.h">
      <Filter>Archivos de encabezado</Filter>
    </ClInclude>
    <ClInclude Include="include\text-buffer.h">
      <Filter>Archivos de encabezado</Filter>
    </ClInclude>
    <ClInclude Include="include\texture-atlas.h">
      <Filter>Archivos de encabezado</Filter>
    </ClInclude>
    <ClInclude Include="include\texture-font.h">
      <Filter>Archivos de encabezado</Filter>
    </ClInclude>
    <ClInclude Include="include\utf8-utils.h">
      <Filter>Archivos de encabezado</Filter>
    </ClInclude>
    <ClInclude Include="include\vec234.h">
      <Filter>Archivos de encabezado</Filter>
    </ClInclude>
    <ClInclude Include="include\vector.h">
      <Filter>Archivos de encabezado</Filter>
    </ClInclude>
    <ClInclude Include="include\vertex-attribute.h">
      <Filter>Archivos de encabezado</Filter>
    </ClInclude>
    <ClInclude Include="include\vertex-buffer.h">
      <Filter>Archivos de encabezado</Filter>
    </ClInclude>
  </ItemGroup>
</Project>